// !$*UTF8*$!
{
	archiveVersion = 1;
	classes = {
	};
	objectVersion = 50;
	objects = {

/* Begin PBXBuildFile section */
		3C6D33851849D71F755FC0A7 /* Pods_ToDoey.framework in Frameworks */ = {isa = PBXBuildFile; fileRef = 918CEA8CC03D312CF0D6CD1F /* Pods_ToDoey.framework */; };
		D58C2C0820AB59F70041AE5C /* AppDelegate.swift in Sources */ = {isa = PBXBuildFile; fileRef = D58C2C0720AB59F70041AE5C /* AppDelegate.swift */; };
		D58C2C0A20AB59F70041AE5C /* ToDoListViewController.swift in Sources */ = {isa = PBXBuildFile; fileRef = D58C2C0920AB59F70041AE5C /* ToDoListViewController.swift */; };
		D58C2C0D20AB59F70041AE5C /* Main.storyboard in Resources */ = {isa = PBXBuildFile; fileRef = D58C2C0B20AB59F70041AE5C /* Main.storyboard */; };
		D58C2C0F20AB59F90041AE5C /* Assets.xcassets in Resources */ = {isa = PBXBuildFile; fileRef = D58C2C0E20AB59F90041AE5C /* Assets.xcassets */; };
		D58C2C1220AB59F90041AE5C /* LaunchScreen.storyboard in Resources */ = {isa = PBXBuildFile; fileRef = D58C2C1020AB59F90041AE5C /* LaunchScreen.storyboard */; };
		D58C2C4420ADEDD30041AE5C /* CategoryViewController.swift in Sources */ = {isa = PBXBuildFile; fileRef = D58C2C4320ADEDD30041AE5C /* CategoryViewController.swift */; };
		D5E9097220AF462800C6D4D5 /* Item.swift in Sources */ = {isa = PBXBuildFile; fileRef = D5E9097120AF462800C6D4D5 /* Item.swift */; };
		D5E9097420AF463100C6D4D5 /* Category.swift in Sources */ = {isa = PBXBuildFile; fileRef = D5E9097320AF463100C6D4D5 /* Category.swift */; };
/* End PBXBuildFile section */

/* Begin PBXFileReference section */
		918CEA8CC03D312CF0D6CD1F /* Pods_ToDoey.framework */ = {isa = PBXFileReference; explicitFileType = wrapper.framework; includeInIndex = 0; path = Pods_ToDoey.framework; sourceTree = BUILT_PRODUCTS_DIR; };
		D58C2C0420AB59F70041AE5C /* ToDoey.app */ = {isa = PBXFileReference; explicitFileType = wrapper.application; includeInIndex = 0; path = ToDoey.app; sourceTree = BUILT_PRODUCTS_DIR; };
		D58C2C0720AB59F70041AE5C /* AppDelegate.swift */ = {isa = PBXFileReference; lastKnownFileType = sourcecode.swift; path = AppDelegate.swift; sourceTree = "<group>"; };
		D58C2C0920AB59F70041AE5C /* ToDoListViewController.swift */ = {isa = PBXFileReference; lastKnownFileType = sourcecode.swift; path = ToDoListViewController.swift; sourceTree = "<group>"; };
		D58C2C0C20AB59F70041AE5C /* Base */ = {isa = PBXFileReference; lastKnownFileType = file.storyboard; name = Base; path = Base.lproj/Main.storyboard; sourceTree = "<group>"; };
		D58C2C0E20AB59F90041AE5C /* Assets.xcassets */ = {isa = PBXFileReference; lastKnownFileType = folder.assetcatalog; path = Assets.xcassets; sourceTree = "<group>"; };
		D58C2C1120AB59F90041AE5C /* Base */ = {isa = PBXFileReference; lastKnownFileType = file.storyboard; name = Base; path = Base.lproj/LaunchScreen.storyboard; sourceTree = "<group>"; };
		D58C2C1320AB59F90041AE5C /* Info.plist */ = {isa = PBXFileReference; lastKnownFileType = text.plist.xml; path = Info.plist; sourceTree = "<group>"; };
		D58C2C4320ADEDD30041AE5C /* CategoryViewController.swift */ = {isa = PBXFileReference; lastKnownFileType = sourcecode.swift; path = CategoryViewController.swift; sourceTree = "<group>"; };
		D5E9097120AF462800C6D4D5 /* Item.swift */ = {isa = PBXFileReference; lastKnownFileType = sourcecode.swift; path = Item.swift; sourceTree = "<group>"; };
		D5E9097320AF463100C6D4D5 /* Category.swift */ = {isa = PBXFileReference; lastKnownFileType = sourcecode.swift; path = Category.swift; sourceTree = "<group>"; };
		EAB61843C204D7E7B6D5D713 /* Pods-ToDoey.debug.xcconfig */ = {isa = PBXFileReference; includeInIndex = 1; lastKnownFileType = text.xcconfig; name = "Pods-ToDoey.debug.xcconfig"; path = "Pods/Target Support Files/Pods-ToDoey/Pods-ToDoey.debug.xcconfig"; sourceTree = "<group>"; };
		F9DE3F88B7C2A197E305660A /* Pods-ToDoey.release.xcconfig */ = {isa = PBXFileReference; includeInIndex = 1; lastKnownFileType = text.xcconfig; name = "Pods-ToDoey.release.xcconfig"; path = "Pods/Target Support Files/Pods-ToDoey/Pods-ToDoey.release.xcconfig"; sourceTree = "<group>"; };
/* End PBXFileReference section */

/* Begin PBXFrameworksBuildPhase section */
		D58C2C0120AB59F70041AE5C /* Frameworks */ = {
			isa = PBXFrameworksBuildPhase;
			buildActionMask = 2147483647;
			files = (
				3C6D33851849D71F755FC0A7 /* Pods_ToDoey.framework in Frameworks */,
			);
			runOnlyForDeploymentPostprocessing = 0;
		};
/* End PBXFrameworksBuildPhase section */

/* Begin PBXGroup section */
		BFF116801908F6C39D507A89 /* Pods */ = {
			isa = PBXGroup;
			children = (
				EAB61843C204D7E7B6D5D713 /* Pods-ToDoey.debug.xcconfig */,
				F9DE3F88B7C2A197E305660A /* Pods-ToDoey.release.xcconfig */,
			);
			name = Pods;
			sourceTree = "<group>";
		};
		D58C2BFB20AB59F70041AE5C = {
			isa = PBXGroup;
			children = (
				D58C2C0620AB59F70041AE5C /* ToDoey */,
				D58C2C0520AB59F70041AE5C /* Products */,
				BFF116801908F6C39D507A89 /* Pods */,
				F4B68A89BD7975AED1067F15 /* Frameworks */,
			);
			sourceTree = "<group>";
		};
		D58C2C0520AB59F70041AE5C /* Products */ = {
			isa = PBXGroup;
			children = (
				D58C2C0420AB59F70041AE5C /* ToDoey.app */,
			);
			name = Products;
			sourceTree = "<group>";
		};
		D58C2C0620AB59F70041AE5C /* ToDoey */ = {
			isa = PBXGroup;
			children = (
				D58C2C0720AB59F70041AE5C /* AppDelegate.swift */,
				D58C2C1C20ABC1F10041AE5C /* Controllers */,
				D58C2C1D20ABC2030041AE5C /* Views */,
				D58C2C1E20ABC2210041AE5C /* Supporting Files */,
				D58C2C1320AB59F90041AE5C /* Info.plist */,
				D58C2C1B20ABC1E40041AE5C /* Data Model */,
			);
			path = ToDoey;
			sourceTree = "<group>";
		};
		D58C2C1B20ABC1E40041AE5C /* Data Model */ = {
			isa = PBXGroup;
			children = (
				D5E9097320AF463100C6D4D5 /* Category.swift */,
				D5E9097120AF462800C6D4D5 /* Item.swift */,
			);
			path = "Data Model";
			sourceTree = "<group>";
		};
		D58C2C1C20ABC1F10041AE5C /* Controllers */ = {
			isa = PBXGroup;
			children = (
				D58C2C4320ADEDD30041AE5C /* CategoryViewController.swift */,
				D58C2C0920AB59F70041AE5C /* ToDoListViewController.swift */,
			);
			path = Controllers;
			sourceTree = "<group>";
		};
		D58C2C1D20ABC2030041AE5C /* Views */ = {
			isa = PBXGroup;
			children = (
				D58C2C0B20AB59F70041AE5C /* Main.storyboard */,
			);
			path = Views;
			sourceTree = "<group>";
		};
		D58C2C1E20ABC2210041AE5C /* Supporting Files */ = {
			isa = PBXGroup;
			children = (
				D58C2C0E20AB59F90041AE5C /* Assets.xcassets */,
				D58C2C1020AB59F90041AE5C /* LaunchScreen.storyboard */,
			);
			path = "Supporting Files";
			sourceTree = "<group>";
		};
		F4B68A89BD7975AED1067F15 /* Frameworks */ = {
			isa = PBXGroup;
			children = (
				918CEA8CC03D312CF0D6CD1F /* Pods_ToDoey.framework */,
			);
			name = Frameworks;
			sourceTree = "<group>";
		};
/* End PBXGroup section */

/* Begin PBXNativeTarget section */
		D58C2C0320AB59F70041AE5C /* ToDoey */ = {
			isa = PBXNativeTarget;
			buildConfigurationList = D58C2C1620AB59F90041AE5C /* Build configuration list for PBXNativeTarget "ToDoey" */;
			buildPhases = (
				B3611A8FF7C4A4EEA4DF7BF4 /* [CP] Check Pods Manifest.lock */,
				D58C2C0020AB59F70041AE5C /* Sources */,
				D58C2C0120AB59F70041AE5C /* Frameworks */,
				D58C2C0220AB59F70041AE5C /* Resources */,
				DEEF0D8033D87871B28791F7 /* [CP] Embed Pods Frameworks */,
			);
			buildRules = (
			);
			dependencies = (
			);
			name = ToDoey;
			productName = ToDoey;
			productReference = D58C2C0420AB59F70041AE5C /* ToDoey.app */;
			productType = "com.apple.product-type.application";
		};
/* End PBXNativeTarget section */

/* Begin PBXProject section */
		D58C2BFC20AB59F70041AE5C /* Project object */ = {
			isa = PBXProject;
			attributes = {
				LastSwiftUpdateCheck = 0930;
				LastUpgradeCheck = 0930;
				ORGANIZATIONNAME = "Sabrina Cown";
				TargetAttributes = {
					D58C2C0320AB59F70041AE5C = {
						CreatedOnToolsVersion = 9.3.1;
					};
				};
			};
			buildConfigurationList = D58C2BFF20AB59F70041AE5C /* Build configuration list for PBXProject "ToDoey" */;
			compatibilityVersion = "Xcode 9.3";
			developmentRegion = en;
			hasScannedForEncodings = 0;
			knownRegions = (
				en,
				Base,
			);
			mainGroup = D58C2BFB20AB59F70041AE5C;
			productRefGroup = D58C2C0520AB59F70041AE5C /* Products */;
			projectDirPath = "";
			projectRoot = "";
			targets = (
				D58C2C0320AB59F70041AE5C /* ToDoey */,
			);
		};
/* End PBXProject section */

/* Begin PBXResourcesBuildPhase section */
		D58C2C0220AB59F70041AE5C /* Resources */ = {
			isa = PBXResourcesBuildPhase;
			buildActionMask = 2147483647;
			files = (
				D58C2C1220AB59F90041AE5C /* LaunchScreen.storyboard in Resources */,
				D58C2C0F20AB59F90041AE5C /* Assets.xcassets in Resources */,
				D58C2C0D20AB59F70041AE5C /* Main.storyboard in Resources */,
			);
			runOnlyForDeploymentPostprocessing = 0;
		};
/* End PBXResourcesBuildPhase section */

/* Begin PBXShellScriptBuildPhase section */
		B3611A8FF7C4A4EEA4DF7BF4 /* [CP] Check Pods Manifest.lock */ = {
			isa = PBXShellScriptBuildPhase;
			buildActionMask = 2147483647;
			files = (
			);
			inputPaths = (
				"${PODS_PODFILE_DIR_PATH}/Podfile.lock",
				"${PODS_ROOT}/Manifest.lock",
			);
			name = "[CP] Check Pods Manifest.lock";
			outputPaths = (
				"$(DERIVED_FILE_DIR)/Pods-ToDoey-checkManifestLockResult.txt",
			);
			runOnlyForDeploymentPostprocessing = 0;
			shellPath = /bin/sh;
			shellScript = "diff \"${PODS_PODFILE_DIR_PATH}/Podfile.lock\" \"${PODS_ROOT}/Manifest.lock\" > /dev/null\nif [ $? != 0 ] ; then\n    # print error to STDERR\n    echo \"error: The sandbox is not in sync with the Podfile.lock. Run 'pod install' or update your CocoaPods installation.\" >&2\n    exit 1\nfi\n# This output is used by Xcode 'outputs' to avoid re-running this script phase.\necho \"SUCCESS\" > \"${SCRIPT_OUTPUT_FILE_0}\"\n";
			showEnvVarsInLog = 0;
		};
		DEEF0D8033D87871B28791F7 /* [CP] Embed Pods Frameworks */ = {
			isa = PBXShellScriptBuildPhase;
			buildActionMask = 2147483647;
			files = (
			);
			inputPaths = (
				"${SRCROOT}/Pods/Target Support Files/Pods-ToDoey/Pods-ToDoey-frameworks.sh",
				"${BUILT_PRODUCTS_DIR}/Realm/Realm.framework",
				"${BUILT_PRODUCTS_DIR}/RealmSwift/RealmSwift.framework",
				"${BUILT_PRODUCTS_DIR}/SwipeCellKit/SwipeCellKit.framework",
			);
			name = "[CP] Embed Pods Frameworks";
			outputPaths = (
				"${TARGET_BUILD_DIR}/${FRAMEWORKS_FOLDER_PATH}/Realm.framework",
				"${TARGET_BUILD_DIR}/${FRAMEWORKS_FOLDER_PATH}/RealmSwift.framework",
				"${TARGET_BUILD_DIR}/${FRAMEWORKS_FOLDER_PATH}/SwipeCellKit.framework",
			);
			runOnlyForDeploymentPostprocessing = 0;
			shellPath = /bin/sh;
			shellScript = "\"${SRCROOT}/Pods/Target Support Files/Pods-ToDoey/Pods-ToDoey-frameworks.sh\"\n";
			showEnvVarsInLog = 0;
		};
/* End PBXShellScriptBuildPhase section */

/* Begin PBXSourcesBuildPhase section */
		D58C2C0020AB59F70041AE5C /* Sources */ = {
			isa = PBXSourcesBuildPhase;
			buildActionMask = 2147483647;
			files = (
				D5E9097220AF462800C6D4D5 /* Item.swift in Sources */,
				D58C2C4420ADEDD30041AE5C /* CategoryViewController.swift in Sources */,
				D58C2C0A20AB59F70041AE5C /* ToDoListViewController.swift in Sources */,
				D58C2C0820AB59F70041AE5C /* AppDelegate.swift in Sources */,
				D5E9097420AF463100C6D4D5 /* Category.swift in Sources */,
			);
			runOnlyForDeploymentPostprocessing = 0;
		};
/* End PBXSourcesBuildPhase section */

/* Begin PBXVariantGroup section */
		D58C2C0B20AB59F70041AE5C /* Main.storyboard */ = {
			isa = PBXVariantGroup;
			children = (
				D58C2C0C20AB59F70041AE5C /* Base */,
			);
			name = Main.storyboard;
			sourceTree = "<group>";
		};
		D58C2C1020AB59F90041AE5C /* LaunchScreen.storyboard */ = {
			isa = PBXVariantGroup;
			children = (
				D58C2C1120AB59F90041AE5C /* Base */,
			);
			name = LaunchScreen.storyboard;
			sourceTree = "<group>";
		};
/* End PBXVariantGroup section */

/* Begin XCBuildConfiguration section */
		D58C2C1420AB59F90041AE5C /* Debug */ = {
			isa = XCBuildConfiguration;
			buildSettings = {
				ALWAYS_SEARCH_USER_PATHS = NO;
				CLANG_ANALYZER_NONNULL = YES;
				CLANG_ANALYZER_NUMBER_OBJECT_CONVERSION = YES_AGGRESSIVE;
				CLANG_CXX_LANGUAGE_STANDARD = "gnu++14";
				CLANG_CXX_LIBRARY = "libc++";
				CLANG_ENABLE_MODULES = YES;
				CLANG_ENABLE_OBJC_ARC = YES;
				CLANG_ENABLE_OBJC_WEAK = YES;
				CLANG_WARN_BLOCK_CAPTURE_AUTORELEASING = YES;
				CLANG_WARN_BOOL_CONVERSION = YES;
				CLANG_WARN_COMMA = YES;
				CLANG_WARN_CONSTANT_CONVERSION = YES;
				CLANG_WARN_DEPRECATED_OBJC_IMPLEMENTATIONS = YES;
				CLANG_WARN_DIRECT_OBJC_ISA_USAGE = YES_ERROR;
				CLANG_WARN_DOCUMENTATION_COMMENTS = YES;
				CLANG_WARN_EMPTY_BODY = YES;
				CLANG_WARN_ENUM_CONVERSION = YES;
				CLANG_WARN_INFINITE_RECURSION = YES;
				CLANG_WARN_INT_CONVERSION = YES;
				CLANG_WARN_NON_LITERAL_NULL_CONVERSION = YES;
				CLANG_WARN_OBJC_IMPLICIT_RETAIN_SELF = YES;
				CLANG_WARN_OBJC_LITERAL_CONVERSION = YES;
				CLANG_WARN_OBJC_ROOT_CLASS = YES_ERROR;
				CLANG_WARN_RANGE_LOOP_ANALYSIS = YES;
				CLANG_WARN_STRICT_PROTOTYPES = YES;
				CLANG_WARN_SUSPICIOUS_MOVE = YES;
				CLANG_WARN_UNGUARDED_AVAILABILITY = YES_AGGRESSIVE;
				CLANG_WARN_UNREACHABLE_CODE = YES;
				CLANG_WARN__DUPLICATE_METHOD_MATCH = YES;
				CODE_SIGN_IDENTITY = "iPhone Developer";
				COPY_PHASE_STRIP = NO;
				DEBUG_INFORMATION_FORMAT = dwarf;
				ENABLE_STRICT_OBJC_MSGSEND = YES;
				ENABLE_TESTABILITY = YES;
				GCC_C_LANGUAGE_STANDARD = gnu11;
				GCC_DYNAMIC_NO_PIC = NO;
				GCC_NO_COMMON_BLOCKS = YES;
				GCC_OPTIMIZATION_LEVEL = 0;
				GCC_PREPROCESSOR_DEFINITIONS = (
					"DEBUG=1",
					"$(inherited)",
				);
				GCC_WARN_64_TO_32_BIT_CONVERSION = YES;
				GCC_WARN_ABOUT_RETURN_TYPE = YES_ERROR;
				GCC_WARN_UNDECLARED_SELECTOR = YES;
				GCC_WARN_UNINITIALIZED_AUTOS = YES_AGGRESSIVE;
				GCC_WARN_UNUSED_FUNCTION = YES;
				GCC_WARN_UNUSED_VARIABLE = YES;
				IPHONEOS_DEPLOYMENT_TARGET = 11.3;
				MTL_ENABLE_DEBUG_INFO = YES;
				ONLY_ACTIVE_ARCH = YES;
				SDKROOT = iphoneos;
				SWIFT_ACTIVE_COMPILATION_CONDITIONS = DEBUG;
				SWIFT_OPTIMIZATION_LEVEL = "-Onone";
			};
			name = Debug;
		};
		D58C2C1520AB59F90041AE5C /* Release */ = {
			isa = XCBuildConfiguration;
			buildSettings = {
				ALWAYS_SEARCH_USER_PATHS = NO;
				CLANG_ANALYZER_NONNULL = YES;
				CLANG_ANALYZER_NUMBER_OBJECT_CONVERSION = YES_AGGRESSIVE;
				CLANG_CXX_LANGUAGE_STANDARD = "gnu++14";
				CLANG_CXX_LIBRARY = "libc++";
				CLANG_ENABLE_MODULES = YES;
				CLANG_ENABLE_OBJC_ARC = YES;
				CLANG_ENABLE_OBJC_WEAK = YES;
				CLANG_WARN_BLOCK_CAPTURE_AUTORELEASING = YES;
				CLANG_WARN_BOOL_CONVERSION = YES;
				CLANG_WARN_COMMA = YES;
				CLANG_WARN_CONSTANT_CONVERSION = YES;
				CLANG_WARN_DEPRECATED_OBJC_IMPLEMENTATIONS = YES;
				CLANG_WARN_DIRECT_OBJC_ISA_USAGE = YES_ERROR;
				CLANG_WARN_DOCUMENTATION_COMMENTS = YES;
				CLANG_WARN_EMPTY_BODY = YES;
				CLANG_WARN_ENUM_CONVERSION = YES;
				CLANG_WARN_INFINITE_RECURSION = YES;
				CLANG_WARN_INT_CONVERSION = YES;
				CLANG_WARN_NON_LITERAL_NULL_CONVERSION = YES;
				CLANG_WARN_OBJC_IMPLICIT_RETAIN_SELF = YES;
				CLANG_WARN_OBJC_LITERAL_CONVERSION = YES;
				CLANG_WARN_OBJC_ROOT_CLASS = YES_ERROR;
				CLANG_WARN_RANGE_LOOP_ANALYSIS = YES;
				CLANG_WARN_STRICT_PROTOTYPES = YES;
				CLANG_WARN_SUSPICIOUS_MOVE = YES;
				CLANG_WARN_UNGUARDED_AVAILABILITY = YES_AGGRESSIVE;
				CLANG_WARN_UNREACHABLE_CODE = YES;
				CLANG_WARN__DUPLICATE_METHOD_MATCH = YES;
				CODE_SIGN_IDENTITY = "iPhone Developer";
				COPY_PHASE_STRIP = NO;
				DEBUG_INFORMATION_FORMAT = "dwarf-with-dsym";
				ENABLE_NS_ASSERTIONS = NO;
				ENABLE_STRICT_OBJC_MSGSEND = YES;
				GCC_C_LANGUAGE_STANDARD = gnu11;
				GCC_NO_COMMON_BLOCKS = YES;
				GCC_WARN_64_TO_32_BIT_CONVERSION = YES;
				GCC_WARN_ABOUT_RETURN_TYPE = YES_ERROR;
				GCC_WARN_UNDECLARED_SELECTOR = YES;
				GCC_WARN_UNINITIALIZED_AUTOS = YES_AGGRESSIVE;
				GCC_WARN_UNUSED_FUNCTION = YES;
				GCC_WARN_UNUSED_VARIABLE = YES;
				IPHONEOS_DEPLOYMENT_TARGET = 11.3;
				MTL_ENABLE_DEBUG_INFO = NO;
				SDKROOT = iphoneos;
				SWIFT_COMPILATION_MODE = wholemodule;
				SWIFT_OPTIMIZATION_LEVEL = "-O";
				VALIDATE_PRODUCT = YES;
			};
			name = Release;
		};
		D58C2C1720AB59F90041AE5C /* Debug */ = {
			isa = XCBuildConfiguration;
			baseConfigurationReference = EAB61843C204D7E7B6D5D713 /* Pods-ToDoey.debug.xcconfig */;
			buildSettings = {
				ASSETCATALOG_COMPILER_APPICON_NAME = AppIcon;
				CODE_SIGN_STYLE = Automatic;
				DEVELOPMENT_TEAM = WDHUV47WMM;
				INFOPLIST_FILE = ToDoey/Info.plist;
				LD_RUNPATH_SEARCH_PATHS = (
					"$(inherited)",
					"@executable_path/Frameworks",
				);
				PRODUCT_BUNDLE_IDENTIFIER = com.outonaramble.ToDoey;
				PRODUCT_NAME = "$(TARGET_NAME)";
				SWIFT_VERSION = 4.0;
				TARGETED_DEVICE_FAMILY = "1,2";
			};
			name = Debug;
		};
		D58C2C1820AB59F90041AE5C /* Release */ = {
			isa = XCBuildConfiguration;
			baseConfigurationReference = F9DE3F88B7C2A197E305660A /* Pods-ToDoey.release.xcconfig */;
			buildSettings = {
				ASSETCATALOG_COMPILER_APPICON_NAME = AppIcon;
				CODE_SIGN_STYLE = Automatic;
				DEVELOPMENT_TEAM = WDHUV47WMM;
				INFOPLIST_FILE = ToDoey/Info.plist;
				LD_RUNPATH_SEARCH_PATHS = (
					"$(inherited)",
					"@executable_path/Frameworks",
				);
				PRODUCT_BUNDLE_IDENTIFIER = com.outonaramble.ToDoey;
				PRODUCT_NAME = "$(TARGET_NAME)";
				SWIFT_VERSION = 4.0;
				TARGETED_DEVICE_FAMILY = "1,2";
			};
			name = Release;
		};
/* End XCBuildConfiguration section */

/* Begin XCConfigurationList section */
		D58C2BFF20AB59F70041AE5C /* Build configuration list for PBXProject "ToDoey" */ = {
			isa = XCConfigurationList;
			buildConfigurations = (
				D58C2C1420AB59F90041AE5C /* Debug */,
				D58C2C1520AB59F90041AE5C /* Release */,
			);
			defaultConfigurationIsVisible = 0;
			defaultConfigurationName = Release;
		};
		D58C2C1620AB59F90041AE5C /* Build configuration list for PBXNativeTarget "ToDoey" */ = {
			isa = XCConfigurationList;
			buildConfigurations = (
				D58C2C1720AB59F90041AE5C /* Debug */,
				D58C2C1820AB59F90041AE5C /* Release */,
			);
			defaultConfigurationIsVisible = 0;
			defaultConfigurationName = Release;
		};
/* End XCConfigurationList section */
	};
	rootObject = D58C2BFC20AB59F70041AE5C /* Project object */;
}
